
Microsoft Visual Studio Solution File, Format Version 12.00
# Visual Studio 15
VisualStudioVersion = 15.0.28010.2046
MinimumVisualStudioVersion = 10.0.40219.1
Project("{FAE04EC0-301F-11D3-BF4B-00C04F79EFBC}") = "CalculatriceBaremeHAD", "CalculatriceBaremeHAD\CalculatriceBaremeHAD.csproj", "{A5EE7882-B475-497F-9D9B-BA8A5397E835}"
EndProject
Global
	GlobalSection(SolutionConfigurationPlatforms) = preSolution
		Debug|Any CPU = Debug|Any CPU
		Release|Any CPU = Release|Any CPU
	EndGlobalSection
	GlobalSection(ProjectConfigurationPlatforms) = postSolution
		{A5EE7882-B475-497F-9D9B-BA8A5397E835}.Debug|Any CPU.ActiveCfg = Debug|Any CPU
		{A5EE7882-B475-497F-9D9B-BA8A5397E835}.Debug|Any CPU.Build.0 = Debug|Any CPU
		{A5EE7882-B475-497F-9D9B-BA8A5397E835}.Release|Any CPU.ActiveCfg = Release|Any CPU
		{A5EE7882-B475-497F-9D9B-BA8A5397E835}.Release|Any CPU.Build.0 = Release|Any CPU
	EndGlobalSection
	GlobalSection(SolutionProperties) = preSolution
		HideSolutionNode = FALSE
	EndGlobalSection
	GlobalSection(ExtensibilityGlobals) = postSolution
		SolutionGuid = {73CEF44A-9A3F-4983-98C3-D793C7D32595}
	EndGlobalSection
EndGlobal
